
Microsoft Visual Studio Solution File, Format Version 12.00
# Visual Studio Version 16
VisualStudioVersion = 16.0.30804.86
MinimumVisualStudioVersion = 10.0.40219.1
Project("{9A19103F-16F7-4668-BE54-9A1E7A4F7556}") = "VodovozWpfApp", "VodovozWpfApp\VodovozWpfApp.csproj", "{11A54B0D-E014-4352-B361-3C2E9109A144}"
EndProject
Project("{FAE04EC0-301F-11D3-BF4B-00C04F79EFBC}") = "Vodovoz.Models", "Vodovoz.Models\Vodovoz.Models.csproj", "{C2FC249E-47DE-439E-A6A2-EB45869E2941}"
EndProject
Global
	GlobalSection(SolutionConfigurationPlatforms) = preSolution
		Debug|Any CPU = Debug|Any CPU
		Release|Any CPU = Release|Any CPU
	EndGlobalSection
	GlobalSection(ProjectConfigurationPlatforms) = postSolution
		{11A54B0D-E014-4352-B361-3C2E9109A144}.Debug|Any CPU.ActiveCfg = Debug|Any CPU
		{11A54B0D-E014-4352-B361-3C2E9109A144}.Debug|Any CPU.Build.0 = Debug|Any CPU
		{11A54B0D-E014-4352-B361-3C2E9109A144}.Release|Any CPU.ActiveCfg = Release|Any CPU
		{11A54B0D-E014-4352-B361-3C2E9109A144}.Release|Any CPU.Build.0 = Release|Any CPU
		{C2FC249E-47DE-439E-A6A2-EB45869E2941}.Debug|Any CPU.ActiveCfg = Debug|Any CPU
		{C2FC249E-47DE-439E-A6A2-EB45869E2941}.Debug|Any CPU.Build.0 = Debug|Any CPU
		{C2FC249E-47DE-439E-A6A2-EB45869E2941}.Release|Any CPU.ActiveCfg = Release|Any CPU
		{C2FC249E-47DE-439E-A6A2-EB45869E2941}.Release|Any CPU.Build.0 = Release|Any CPU
	EndGlobalSection
	GlobalSection(SolutionProperties) = preSolution
		HideSolutionNode = FALSE
	EndGlobalSection
	GlobalSection(ExtensibilityGlobals) = postSolution
		SolutionGuid = {3041D036-684E-47B8-8D6F-FD23A013101C}
	EndGlobalSection
EndGlobal
